
Microsoft Visual Studio Solution File, Format Version 12.00
# Visual Studio Version 16
VisualStudioVersion = 16.0.32413.511
MinimumVisualStudioVersion = 10.0.40219.1
Project("{2150E333-8FDC-42A3-9474-1A3956D46DE8}") = "WebAPI", "WebAPI", "{1112C1C6-5C4A-4178-B6AC-D367EB9B172E}"
EndProject
Project("{FAE04EC0-301F-11D3-BF4B-00C04F79EFBC}") = "WebAPIServices", "WebAPIServices\WebAPIServices.csproj", "{7F539435-998F-44EC-8659-AE78C00AE7B1}"
EndProject
Project("{2150E333-8FDC-42A3-9474-1A3956D46DE8}") = "WebFront", "WebFront", "{E0BB28E3-98ED-4627-85AC-02BA02089849}"
EndProject
Project("{FAE04EC0-301F-11D3-BF4B-00C04F79EFBC}") = "FrontEndWeb", "FrontEndWeb\FrontEndWeb.csproj", "{7E9494DC-A528-4544-9FCE-3562D1A259BC}"
EndProject
Global
	GlobalSection(SolutionConfigurationPlatforms) = preSolution
		Debug|Any CPU = Debug|Any CPU
		Release|Any CPU = Release|Any CPU
	EndGlobalSection
	GlobalSection(ProjectConfigurationPlatforms) = postSolution
		{7F539435-998F-44EC-8659-AE78C00AE7B1}.Debug|Any CPU.ActiveCfg = Debug|Any CPU
		{7F539435-998F-44EC-8659-AE78C00AE7B1}.Debug|Any CPU.Build.0 = Debug|Any CPU
		{7F539435-998F-44EC-8659-AE78C00AE7B1}.Release|Any CPU.ActiveCfg = Release|Any CPU
		{7F539435-998F-44EC-8659-AE78C00AE7B1}.Release|Any CPU.Build.0 = Release|Any CPU
		{7E9494DC-A528-4544-9FCE-3562D1A259BC}.Debug|Any CPU.ActiveCfg = Debug|Any CPU
		{7E9494DC-A528-4544-9FCE-3562D1A259BC}.Debug|Any CPU.Build.0 = Debug|Any CPU
		{7E9494DC-A528-4544-9FCE-3562D1A259BC}.Release|Any CPU.ActiveCfg = Release|Any CPU
		{7E9494DC-A528-4544-9FCE-3562D1A259BC}.Release|Any CPU.Build.0 = Release|Any CPU
	EndGlobalSection
	GlobalSection(SolutionProperties) = preSolution
		HideSolutionNode = FALSE
	EndGlobalSection
	GlobalSection(NestedProjects) = preSolution
		{7F539435-998F-44EC-8659-AE78C00AE7B1} = {1112C1C6-5C4A-4178-B6AC-D367EB9B172E}
		{7E9494DC-A528-4544-9FCE-3562D1A259BC} = {E0BB28E3-98ED-4627-85AC-02BA02089849}
	EndGlobalSection
	GlobalSection(ExtensibilityGlobals) = postSolution
		SolutionGuid = {E61CC4FE-F741-48A0-BF67-712344DD72E2}
	EndGlobalSection
EndGlobal
